// !$*UTF8*$!
{
	archiveVersion = 1;
	classes = {
	};
	objectVersion = 56;
	objects = {

/* Begin PBXBuildFile section */
		3F1FDA432C3B267A00F3EEF4 /* RMEpisodeDetailViewController.swift in Sources */ = {isa = PBXBuildFile; fileRef = 3F1FDA422C3B267A00F3EEF4 /* RMEpisodeDetailViewController.swift */; };
		3F1FDA472C3BD47100F3EEF4 /* RMEpisodeDetailView.swift in Sources */ = {isa = PBXBuildFile; fileRef = 3F1FDA462C3BD47100F3EEF4 /* RMEpisodeDetailView.swift */; };
		3F1FDA492C3BDABE00F3EEF4 /* RMEpisodeViewModel.swift in Sources */ = {isa = PBXBuildFile; fileRef = 3F1FDA482C3BDABE00F3EEF4 /* RMEpisodeViewModel.swift */; };
		3F1FDA4B2C3BF85A00F3EEF4 /* RMEpisodeDescriptionCollectionViewCell.swift in Sources */ = {isa = PBXBuildFile; fileRef = 3F1FDA4A2C3BF85A00F3EEF4 /* RMEpisodeDescriptionCollectionViewCell.swift */; };
		3F31FF4B2C3445F600D9E555 /* RMImageLoader.swift in Sources */ = {isa = PBXBuildFile; fileRef = 3F31FF4A2C3445F600D9E555 /* RMImageLoader.swift */; };
		3F31FF792C36A30400D9E555 /* RMCharacterPhotoCollectionViewCell.swift in Sources */ = {isa = PBXBuildFile; fileRef = 3F31FF782C36A30400D9E555 /* RMCharacterPhotoCollectionViewCell.swift */; };
		3F31FF7B2C36A31300D9E555 /* RMCharacterInfoCollectionViewCell.swift in Sources */ = {isa = PBXBuildFile; fileRef = 3F31FF7A2C36A31300D9E555 /* RMCharacterInfoCollectionViewCell.swift */; };
		3F31FF7D2C36A33000D9E555 /* RMCharacterEpisodeCollectionViewCell.swift in Sources */ = {isa = PBXBuildFile; fileRef = 3F31FF7C2C36A33000D9E555 /* RMCharacterEpisodeCollectionViewCell.swift */; };
		3F31FF7F2C36A37100D9E555 /* RMCharacterEpisodeCollectionViewCellViewModel.swift in Sources */ = {isa = PBXBuildFile; fileRef = 3F31FF7E2C36A37100D9E555 /* RMCharacterEpisodeCollectionViewCellViewModel.swift */; };
		3F31FF812C36A39300D9E555 /* RMCharacterInfoCollectionViewCellViewModel.swift in Sources */ = {isa = PBXBuildFile; fileRef = 3F31FF802C36A39300D9E555 /* RMCharacterInfoCollectionViewCellViewModel.swift */; };
		3F31FF832C36A39E00D9E555 /* RMCharacterPhotoCollectionViewCellViewModel.swift in Sources */ = {isa = PBXBuildFile; fileRef = 3F31FF822C36A39E00D9E555 /* RMCharacterPhotoCollectionViewCellViewModel.swift */; };
		3F7F90CF2C2B31740095FB9E /* RMCharacterCollectionViewViewModel.swift in Sources */ = {isa = PBXBuildFile; fileRef = 3F7F90CB2C2B31740095FB9E /* RMCharacterCollectionViewViewModel.swift */; };
		3F7F90D02C2B31740095FB9E /* RMCharacterDetailViewViewModel.swift in Sources */ = {isa = PBXBuildFile; fileRef = 3F7F90CC2C2B31740095FB9E /* RMCharacterDetailViewViewModel.swift */; };
		3F7F90D12C2B31740095FB9E /* RMCharacterListViewViewModel.swift in Sources */ = {isa = PBXBuildFile; fileRef = 3F7F90CD2C2B31740095FB9E /* RMCharacterListViewViewModel.swift */; };
		3F7F90D42C2B331D0095FB9E /* RMCharacterDetailViewController.swift in Sources */ = {isa = PBXBuildFile; fileRef = 3F7F90D32C2B331D0095FB9E /* RMCharacterDetailViewController.swift */; };
		3F7F90D62C2B38EB0095FB9E /* RMCharacterDetailView.swift in Sources */ = {isa = PBXBuildFile; fileRef = 3F7F90D52C2B38EB0095FB9E /* RMCharacterDetailView.swift */; };
		3F7F90D82C2C2CC50095FB9E /* RMFooterLoadingCollectionReusableView.swift in Sources */ = {isa = PBXBuildFile; fileRef = 3F7F90D72C2C2CC50095FB9E /* RMFooterLoadingCollectionReusableView.swift */; };
		3F89DA0D2C247FAF00349272 /* AppDelegate.swift in Sources */ = {isa = PBXBuildFile; fileRef = 3F89DA0C2C247FAF00349272 /* AppDelegate.swift */; };
		3F89DA0F2C247FAF00349272 /* SceneDelegate.swift in Sources */ = {isa = PBXBuildFile; fileRef = 3F89DA0E2C247FAF00349272 /* SceneDelegate.swift */; };
		3F89DA112C247FAF00349272 /* RMTabViewController.swift in Sources */ = {isa = PBXBuildFile; fileRef = 3F89DA102C247FAF00349272 /* RMTabViewController.swift */; };
		3F89DA162C247FB100349272 /* Assets.xcassets in Resources */ = {isa = PBXBuildFile; fileRef = 3F89DA152C247FB100349272 /* Assets.xcassets */; };
		3F89DA192C247FB100349272 /* Base in Resources */ = {isa = PBXBuildFile; fileRef = 3F89DA182C247FB100349272 /* Base */; };
		3FA5AD962C39477C00992D14 /* RMSingleLocation.swift in Sources */ = {isa = PBXBuildFile; fileRef = 3FA5AD952C39477C00992D14 /* RMSingleLocation.swift */; };
		3FB94C602C26172300A212DA /* RMCharacterViewController.swift in Sources */ = {isa = PBXBuildFile; fileRef = 3FB94C5F2C26172300A212DA /* RMCharacterViewController.swift */; };
		3FB94C622C26173400A212DA /* RMLocationViewController.swift in Sources */ = {isa = PBXBuildFile; fileRef = 3FB94C612C26173400A212DA /* RMLocationViewController.swift */; };
		3FB94C642C26174100A212DA /* RMEpisodeViewController.swift in Sources */ = {isa = PBXBuildFile; fileRef = 3FB94C632C26174100A212DA /* RMEpisodeViewController.swift */; };
		3FB94C662C26176200A212DA /* RMSettingsViewController.swift in Sources */ = {isa = PBXBuildFile; fileRef = 3FB94C652C26176200A212DA /* RMSettingsViewController.swift */; };
		3FB94C682C26C70500A212DA /* RMService.swift in Sources */ = {isa = PBXBuildFile; fileRef = 3FB94C672C26C70500A212DA /* RMService.swift */; };
		3FB94C6A2C26C71200A212DA /* RMRequest.swift in Sources */ = {isa = PBXBuildFile; fileRef = 3FB94C692C26C71200A212DA /* RMRequest.swift */; };
		3FB94C6C2C26C86A00A212DA /* RMEndpoint.swift in Sources */ = {isa = PBXBuildFile; fileRef = 3FB94C6B2C26C86A00A212DA /* RMEndpoint.swift */; };
		3FB94CB82C28B2AB00A212DA /* RMCharacter.swift in Sources */ = {isa = PBXBuildFile; fileRef = 3FB94CB12C28B2AB00A212DA /* RMCharacter.swift */; };
		3FB94CBA2C28B2AB00A212DA /* RMEpisode.swift in Sources */ = {isa = PBXBuildFile; fileRef = 3FB94CB32C28B2AB00A212DA /* RMEpisode.swift */; };
		3FB94CBB2C28B2AB00A212DA /* RMCharacterStatus.swift in Sources */ = {isa = PBXBuildFile; fileRef = 3FB94CB42C28B2AB00A212DA /* RMCharacterStatus.swift */; };
		3FB94CBC2C28B2AB00A212DA /* RMLocation.swift in Sources */ = {isa = PBXBuildFile; fileRef = 3FB94CB52C28B2AB00A212DA /* RMLocation.swift */; };
		3FB94CBD2C28B2AB00A212DA /* RMOrigin.swift in Sources */ = {isa = PBXBuildFile; fileRef = 3FB94CB62C28B2AB00A212DA /* RMOrigin.swift */; };
		3FB94CBE2C28B2AB00A212DA /* RMGender.swift in Sources */ = {isa = PBXBuildFile; fileRef = 3FB94CB72C28B2AB00A212DA /* RMGender.swift */; };
		3FB94CC12C28B2F000A212DA /* RMInfo.swift in Sources */ = {isa = PBXBuildFile; fileRef = 3FB94CBF2C28B2F000A212DA /* RMInfo.swift */; };
		3FB94CC22C28B2F000A212DA /* RMResponse.swift in Sources */ = {isa = PBXBuildFile; fileRef = 3FB94CC02C28B2F000A212DA /* RMResponse.swift */; };
		3FB94CC42C28B39400A212DA /* RMCharacterListView.swift in Sources */ = {isa = PBXBuildFile; fileRef = 3FB94CC32C28B39400A212DA /* RMCharacterListView.swift */; };
		3FB94CC72C296BF900A212DA /* Extensions.swift in Sources */ = {isa = PBXBuildFile; fileRef = 3FB94CC62C296BF900A212DA /* Extensions.swift */; };
		3FB94CC92C297DE300A212DA /* RMCharacterCollectionViewCell.swift in Sources */ = {isa = PBXBuildFile; fileRef = 3FB94CC82C297DE300A212DA /* RMCharacterCollectionViewCell.swift */; };
/* End PBXBuildFile section */

/* Begin PBXFileReference section */
		3F1FDA422C3B267A00F3EEF4 /* RMEpisodeDetailViewController.swift */ = {isa = PBXFileReference; lastKnownFileType = sourcecode.swift; path = RMEpisodeDetailViewController.swift; sourceTree = "<group>"; };
		3F1FDA462C3BD47100F3EEF4 /* RMEpisodeDetailView.swift */ = {isa = PBXFileReference; lastKnownFileType = sourcecode.swift; path = RMEpisodeDetailView.swift; sourceTree = "<group>"; };
		3F1FDA482C3BDABE00F3EEF4 /* RMEpisodeViewModel.swift */ = {isa = PBXFileReference; lastKnownFileType = sourcecode.swift; path = RMEpisodeViewModel.swift; sourceTree = "<group>"; };
		3F1FDA4A2C3BF85A00F3EEF4 /* RMEpisodeDescriptionCollectionViewCell.swift */ = {isa = PBXFileReference; lastKnownFileType = sourcecode.swift; path = RMEpisodeDescriptionCollectionViewCell.swift; sourceTree = "<group>"; };
		3F31FF4A2C3445F600D9E555 /* RMImageLoader.swift */ = {isa = PBXFileReference; lastKnownFileType = sourcecode.swift; path = RMImageLoader.swift; sourceTree = "<group>"; };
		3F31FF782C36A30400D9E555 /* RMCharacterPhotoCollectionViewCell.swift */ = {isa = PBXFileReference; lastKnownFileType = sourcecode.swift; path = RMCharacterPhotoCollectionViewCell.swift; sourceTree = "<group>"; };
		3F31FF7A2C36A31300D9E555 /* RMCharacterInfoCollectionViewCell.swift */ = {isa = PBXFileReference; lastKnownFileType = sourcecode.swift; path = RMCharacterInfoCollectionViewCell.swift; sourceTree = "<group>"; };
		3F31FF7C2C36A33000D9E555 /* RMCharacterEpisodeCollectionViewCell.swift */ = {isa = PBXFileReference; lastKnownFileType = sourcecode.swift; path = RMCharacterEpisodeCollectionViewCell.swift; sourceTree = "<group>"; };
		3F31FF7E2C36A37100D9E555 /* RMCharacterEpisodeCollectionViewCellViewModel.swift */ = {isa = PBXFileReference; lastKnownFileType = sourcecode.swift; path = RMCharacterEpisodeCollectionViewCellViewModel.swift; sourceTree = "<group>"; };
		3F31FF802C36A39300D9E555 /* RMCharacterInfoCollectionViewCellViewModel.swift */ = {isa = PBXFileReference; lastKnownFileType = sourcecode.swift; path = RMCharacterInfoCollectionViewCellViewModel.swift; sourceTree = "<group>"; };
		3F31FF822C36A39E00D9E555 /* RMCharacterPhotoCollectionViewCellViewModel.swift */ = {isa = PBXFileReference; lastKnownFileType = sourcecode.swift; path = RMCharacterPhotoCollectionViewCellViewModel.swift; sourceTree = "<group>"; };
		3F7F90CB2C2B31740095FB9E /* RMCharacterCollectionViewViewModel.swift */ = {isa = PBXFileReference; fileEncoding = 4; lastKnownFileType = sourcecode.swift; path = RMCharacterCollectionViewViewModel.swift; sourceTree = "<group>"; };
		3F7F90CC2C2B31740095FB9E /* RMCharacterDetailViewViewModel.swift */ = {isa = PBXFileReference; fileEncoding = 4; lastKnownFileType = sourcecode.swift; path = RMCharacterDetailViewViewModel.swift; sourceTree = "<group>"; };
		3F7F90CD2C2B31740095FB9E /* RMCharacterListViewViewModel.swift */ = {isa = PBXFileReference; fileEncoding = 4; lastKnownFileType = sourcecode.swift; path = RMCharacterListViewViewModel.swift; sourceTree = "<group>"; };
		3F7F90D32C2B331D0095FB9E /* RMCharacterDetailViewController.swift */ = {isa = PBXFileReference; lastKnownFileType = sourcecode.swift; path = RMCharacterDetailViewController.swift; sourceTree = "<group>"; };
		3F7F90D52C2B38EB0095FB9E /* RMCharacterDetailView.swift */ = {isa = PBXFileReference; lastKnownFileType = sourcecode.swift; path = RMCharacterDetailView.swift; sourceTree = "<group>"; };
		3F7F90D72C2C2CC50095FB9E /* RMFooterLoadingCollectionReusableView.swift */ = {isa = PBXFileReference; lastKnownFileType = sourcecode.swift; path = RMFooterLoadingCollectionReusableView.swift; sourceTree = "<group>"; };
		3F89DA092C247FAF00349272 /* AgainUIKIT.app */ = {isa = PBXFileReference; explicitFileType = wrapper.application; includeInIndex = 0; path = AgainUIKIT.app; sourceTree = BUILT_PRODUCTS_DIR; };
		3F89DA0C2C247FAF00349272 /* AppDelegate.swift */ = {isa = PBXFileReference; lastKnownFileType = sourcecode.swift; path = AppDelegate.swift; sourceTree = "<group>"; };
		3F89DA0E2C247FAF00349272 /* SceneDelegate.swift */ = {isa = PBXFileReference; lastKnownFileType = sourcecode.swift; path = SceneDelegate.swift; sourceTree = "<group>"; };
		3F89DA102C247FAF00349272 /* RMTabViewController.swift */ = {isa = PBXFileReference; lastKnownFileType = sourcecode.swift; path = RMTabViewController.swift; sourceTree = "<group>"; };
		3F89DA152C247FB100349272 /* Assets.xcassets */ = {isa = PBXFileReference; lastKnownFileType = folder.assetcatalog; path = Assets.xcassets; sourceTree = "<group>"; };
		3F89DA182C247FB100349272 /* Base */ = {isa = PBXFileReference; lastKnownFileType = file.storyboard; name = Base; path = Base.lproj/LaunchScreen.storyboard; sourceTree = "<group>"; };
		3F89DA1A2C247FB100349272 /* Info.plist */ = {isa = PBXFileReference; lastKnownFileType = text.plist.xml; path = Info.plist; sourceTree = "<group>"; };
		3FA5AD952C39477C00992D14 /* RMSingleLocation.swift */ = {isa = PBXFileReference; lastKnownFileType = sourcecode.swift; path = RMSingleLocation.swift; sourceTree = "<group>"; };
		3FB94C5F2C26172300A212DA /* RMCharacterViewController.swift */ = {isa = PBXFileReference; lastKnownFileType = sourcecode.swift; path = RMCharacterViewController.swift; sourceTree = "<group>"; };
		3FB94C612C26173400A212DA /* RMLocationViewController.swift */ = {isa = PBXFileReference; lastKnownFileType = sourcecode.swift; path = RMLocationViewController.swift; sourceTree = "<group>"; };
		3FB94C632C26174100A212DA /* RMEpisodeViewController.swift */ = {isa = PBXFileReference; lastKnownFileType = sourcecode.swift; path = RMEpisodeViewController.swift; sourceTree = "<group>"; };
		3FB94C652C26176200A212DA /* RMSettingsViewController.swift */ = {isa = PBXFileReference; lastKnownFileType = sourcecode.swift; path = RMSettingsViewController.swift; sourceTree = "<group>"; };
		3FB94C672C26C70500A212DA /* RMService.swift */ = {isa = PBXFileReference; lastKnownFileType = sourcecode.swift; path = RMService.swift; sourceTree = "<group>"; };
		3FB94C692C26C71200A212DA /* RMRequest.swift */ = {isa = PBXFileReference; lastKnownFileType = sourcecode.swift; path = RMRequest.swift; sourceTree = "<group>"; };
		3FB94C6B2C26C86A00A212DA /* RMEndpoint.swift */ = {isa = PBXFileReference; lastKnownFileType = sourcecode.swift; path = RMEndpoint.swift; sourceTree = "<group>"; };
		3FB94CB12C28B2AB00A212DA /* RMCharacter.swift */ = {isa = PBXFileReference; fileEncoding = 4; lastKnownFileType = sourcecode.swift; path = RMCharacter.swift; sourceTree = "<group>"; };
		3FB94CB32C28B2AB00A212DA /* RMEpisode.swift */ = {isa = PBXFileReference; fileEncoding = 4; lastKnownFileType = sourcecode.swift; path = RMEpisode.swift; sourceTree = "<group>"; };
		3FB94CB42C28B2AB00A212DA /* RMCharacterStatus.swift */ = {isa = PBXFileReference; fileEncoding = 4; lastKnownFileType = sourcecode.swift; path = RMCharacterStatus.swift; sourceTree = "<group>"; };
		3FB94CB52C28B2AB00A212DA /* RMLocation.swift */ = {isa = PBXFileReference; fileEncoding = 4; lastKnownFileType = sourcecode.swift; path = RMLocation.swift; sourceTree = "<group>"; };
		3FB94CB62C28B2AB00A212DA /* RMOrigin.swift */ = {isa = PBXFileReference; fileEncoding = 4; lastKnownFileType = sourcecode.swift; path = RMOrigin.swift; sourceTree = "<group>"; };
		3FB94CB72C28B2AB00A212DA /* RMGender.swift */ = {isa = PBXFileReference; fileEncoding = 4; lastKnownFileType = sourcecode.swift; path = RMGender.swift; sourceTree = "<group>"; };
		3FB94CBF2C28B2F000A212DA /* RMInfo.swift */ = {isa = PBXFileReference; fileEncoding = 4; lastKnownFileType = sourcecode.swift; path = RMInfo.swift; sourceTree = "<group>"; };
		3FB94CC02C28B2F000A212DA /* RMResponse.swift */ = {isa = PBXFileReference; fileEncoding = 4; lastKnownFileType = sourcecode.swift; path = RMResponse.swift; sourceTree = "<group>"; };
		3FB94CC32C28B39400A212DA /* RMCharacterListView.swift */ = {isa = PBXFileReference; lastKnownFileType = sourcecode.swift; path = RMCharacterListView.swift; sourceTree = "<group>"; };
		3FB94CC62C296BF900A212DA /* Extensions.swift */ = {isa = PBXFileReference; lastKnownFileType = sourcecode.swift; path = Extensions.swift; sourceTree = "<group>"; };
		3FB94CC82C297DE300A212DA /* RMCharacterCollectionViewCell.swift */ = {isa = PBXFileReference; lastKnownFileType = sourcecode.swift; path = RMCharacterCollectionViewCell.swift; sourceTree = "<group>"; };
/* End PBXFileReference section */

/* Begin PBXFrameworksBuildPhase section */
		3F89DA062C247FAF00349272 /* Frameworks */ = {
			isa = PBXFrameworksBuildPhase;
			buildActionMask = 2147483647;
			files = (
			);
			runOnlyForDeploymentPostprocessing = 0;
		};
/* End PBXFrameworksBuildPhase section */

/* Begin PBXGroup section */
		3F1FDA442C3BD3AE00F3EEF4 /* EpisodeViewModel */ = {
			isa = PBXGroup;
			children = (
				3F1FDA482C3BDABE00F3EEF4 /* RMEpisodeViewModel.swift */,
			);
			path = EpisodeViewModel;
			sourceTree = "<group>";
		};
		3F1FDA452C3BD3D100F3EEF4 /* EpisodeView */ = {
			isa = PBXGroup;
			children = (
				3F1FDA462C3BD47100F3EEF4 /* RMEpisodeDetailView.swift */,
				3F1FDA4A2C3BF85A00F3EEF4 /* RMEpisodeDescriptionCollectionViewCell.swift */,
			);
			path = EpisodeView;
			sourceTree = "<group>";
		};
		3F31FF4C2C352DDD00D9E555 /* Character */ = {
			isa = PBXGroup;
			children = (
				3FB94CC32C28B39400A212DA /* RMCharacterListView.swift */,
				3FB94CC82C297DE300A212DA /* RMCharacterCollectionViewCell.swift */,
			);
			path = Character;
			sourceTree = "<group>";
		};
		3F31FF4D2C352DFE00D9E555 /* CharacterViewModel */ = {
			isa = PBXGroup;
			children = (
				3F7F90CD2C2B31740095FB9E /* RMCharacterListViewViewModel.swift */,
				3F7F90CB2C2B31740095FB9E /* RMCharacterCollectionViewViewModel.swift */,
			);
			path = CharacterViewModel;
			sourceTree = "<group>";
		};
		3F31FF4E2C352E3200D9E555 /* CharacterDetailViewModel */ = {
			isa = PBXGroup;
			children = (
				3F7F90CC2C2B31740095FB9E /* RMCharacterDetailViewViewModel.swift */,
				3F31FF822C36A39E00D9E555 /* RMCharacterPhotoCollectionViewCellViewModel.swift */,
				3F31FF802C36A39300D9E555 /* RMCharacterInfoCollectionViewCellViewModel.swift */,
				3F31FF7E2C36A37100D9E555 /* RMCharacterEpisodeCollectionViewCellViewModel.swift */,
			);
			path = CharacterDetailViewModel;
			sourceTree = "<group>";
		};
		3F31FF772C36A27200D9E555 /* CharacterDetail */ = {
			isa = PBXGroup;
			children = (
				3F7F90D52C2B38EB0095FB9E /* RMCharacterDetailView.swift */,
				3F31FF782C36A30400D9E555 /* RMCharacterPhotoCollectionViewCell.swift */,
				3F31FF7A2C36A31300D9E555 /* RMCharacterInfoCollectionViewCell.swift */,
				3F31FF7C2C36A33000D9E555 /* RMCharacterEpisodeCollectionViewCell.swift */,
			);
			path = CharacterDetail;
			sourceTree = "<group>";
		};
		3F7F90CE2C2B31740095FB9E /* ViewModel  */ = {
			isa = PBXGroup;
			children = (
				3F1FDA442C3BD3AE00F3EEF4 /* EpisodeViewModel */,
				3F31FF4D2C352DFE00D9E555 /* CharacterViewModel */,
				3F31FF4E2C352E3200D9E555 /* CharacterDetailViewModel */,
			);
			path = "ViewModel ";
			sourceTree = "<group>";
		};
		3F7F90D22C2B31B10095FB9E /* Others */ = {
			isa = PBXGroup;
			children = (
				3F7F90D32C2B331D0095FB9E /* RMCharacterDetailViewController.swift */,
				3F1FDA422C3B267A00F3EEF4 /* RMEpisodeDetailViewController.swift */,
			);
			path = Others;
			sourceTree = "<group>";
		};
		3F89DA002C247FAF00349272 = {
			isa = PBXGroup;
			children = (
				3F89DA0B2C247FAF00349272 /* AgainUIKIT */,
				3F89DA0A2C247FAF00349272 /* Products */,
			);
			sourceTree = "<group>";
		};
		3F89DA0A2C247FAF00349272 /* Products */ = {
			isa = PBXGroup;
			children = (
				3F89DA092C247FAF00349272 /* AgainUIKIT.app */,
			);
			name = Products;
			sourceTree = "<group>";
		};
		3F89DA0B2C247FAF00349272 /* AgainUIKIT */ = {
			isa = PBXGroup;
			children = (
				3F89DA252C2486E700349272 /* Recources */,
				3F89DA242C2486D800349272 /* Managers */,
				3F89DA232C2486D300349272 /* APIClient */,
				3FB94C8C2C28AE8300A212DA /* Models */,
				3F89DA222C2481A200349272 /* Views */,
				3F7F90CE2C2B31740095FB9E /* ViewModel  */,
				3F89DA202C24819A00349272 /* Controllers */,
				3F89DA1A2C247FB100349272 /* Info.plist */,
			);
			path = AgainUIKIT;
			sourceTree = "<group>";
		};
		3F89DA202C24819A00349272 /* Controllers */ = {
			isa = PBXGroup;
			children = (
				3F7F90D22C2B31B10095FB9E /* Others */,
				3FB94C5E2C2616B600A212DA /* Core */,
			);
			path = Controllers;
			sourceTree = "<group>";
		};
		3F89DA222C2481A200349272 /* Views */ = {
			isa = PBXGroup;
			children = (
				3F1FDA452C3BD3D100F3EEF4 /* EpisodeView */,
				3F7F90D72C2C2CC50095FB9E /* RMFooterLoadingCollectionReusableView.swift */,
				3F31FF772C36A27200D9E555 /* CharacterDetail */,
				3F31FF4C2C352DDD00D9E555 /* Character */,
			);
			path = Views;
			sourceTree = "<group>";
		};
		3F89DA232C2486D300349272 /* APIClient */ = {
			isa = PBXGroup;
			children = (
				3FB94C672C26C70500A212DA /* RMService.swift */,
				3FB94C692C26C71200A212DA /* RMRequest.swift */,
				3FB94C6B2C26C86A00A212DA /* RMEndpoint.swift */,
			);
			path = APIClient;
			sourceTree = "<group>";
		};
		3F89DA242C2486D800349272 /* Managers */ = {
			isa = PBXGroup;
			children = (
				3F31FF4A2C3445F600D9E555 /* RMImageLoader.swift */,
			);
			path = Managers;
			sourceTree = "<group>";
		};
		3F89DA252C2486E700349272 /* Recources */ = {
			isa = PBXGroup;
			children = (
				3F89DA152C247FB100349272 /* Assets.xcassets */,
				3F89DA172C247FB100349272 /* LaunchScreen.storyboard */,
				3F89DA0C2C247FAF00349272 /* AppDelegate.swift */,
				3F89DA0E2C247FAF00349272 /* SceneDelegate.swift */,
				3FB94CC62C296BF900A212DA /* Extensions.swift */,
			);
			path = Recources;
			sourceTree = "<group>";
		};
		3FB94C5E2C2616B600A212DA /* Core */ = {
			isa = PBXGroup;
			children = (
				3F89DA102C247FAF00349272 /* RMTabViewController.swift */,
				3FB94C5F2C26172300A212DA /* RMCharacterViewController.swift */,
				3FB94C612C26173400A212DA /* RMLocationViewController.swift */,
				3FB94C632C26174100A212DA /* RMEpisodeViewController.swift */,
				3FB94C652C26176200A212DA /* RMSettingsViewController.swift */,
			);
			path = Core;
			sourceTree = "<group>";
		};
		3FB94C8C2C28AE8300A212DA /* Models */ = {
			isa = PBXGroup;
			children = (
				3FB94C992C28AE8300A212DA /* RMDataTypes */,
				3FB94C8F2C28AE8300A212DA /* RMapiResonseTypes */,
			);
			path = Models;
			sourceTree = "<group>";
		};
		3FB94C8F2C28AE8300A212DA /* RMapiResonseTypes */ = {
			isa = PBXGroup;
			children = (
				3FB94CBF2C28B2F000A212DA /* RMInfo.swift */,
				3FB94CC02C28B2F000A212DA /* RMResponse.swift */,
			);
			path = RMapiResonseTypes;
			sourceTree = "<group>";
		};
		3FB94C992C28AE8300A212DA /* RMDataTypes */ = {
			isa = PBXGroup;
			children = (
				3FB94CB12C28B2AB00A212DA /* RMCharacter.swift */,
				3FB94CB42C28B2AB00A212DA /* RMCharacterStatus.swift */,
				3FB94CB32C28B2AB00A212DA /* RMEpisode.swift */,
				3FB94CB72C28B2AB00A212DA /* RMGender.swift */,
				3FB94CB52C28B2AB00A212DA /* RMLocation.swift */,
				3FB94CB62C28B2AB00A212DA /* RMOrigin.swift */,
				3FA5AD952C39477C00992D14 /* RMSingleLocation.swift */,
			);
			path = RMDataTypes;
			sourceTree = "<group>";
		};
/* End PBXGroup section */

/* Begin PBXNativeTarget section */
		3F89DA082C247FAF00349272 /* AgainUIKIT */ = {
			isa = PBXNativeTarget;
			buildConfigurationList = 3F89DA1D2C247FB100349272 /* Build configuration list for PBXNativeTarget "AgainUIKIT" */;
			buildPhases = (
				3F89DA052C247FAF00349272 /* Sources */,
				3F89DA062C247FAF00349272 /* Frameworks */,
				3F89DA072C247FAF00349272 /* Resources */,
			);
			buildRules = (
			);
			dependencies = (
			);
			name = AgainUIKIT;
			productName = AgainUIKIT;
			productReference = 3F89DA092C247FAF00349272 /* AgainUIKIT.app */;
			productType = "com.apple.product-type.application";
		};
/* End PBXNativeTarget section */

/* Begin PBXProject section */
		3F89DA012C247FAF00349272 /* Project object */ = {
			isa = PBXProject;
			attributes = {
				BuildIndependentTargetsInParallel = 1;
				LastSwiftUpdateCheck = 1530;
				LastUpgradeCheck = 1530;
				TargetAttributes = {
					3F89DA082C247FAF00349272 = {
						CreatedOnToolsVersion = 15.3;
					};
				};
			};
			buildConfigurationList = 3F89DA042C247FAF00349272 /* Build configuration list for PBXProject "AgainUIKIT" */;
			compatibilityVersion = "Xcode 14.0";
			developmentRegion = en;
			hasScannedForEncodings = 0;
			knownRegions = (
				en,
				Base,
			);
			mainGroup = 3F89DA002C247FAF00349272;
			productRefGroup = 3F89DA0A2C247FAF00349272 /* Products */;
			projectDirPath = "";
			projectRoot = "";
			targets = (
				3F89DA082C247FAF00349272 /* AgainUIKIT */,
			);
		};
/* End PBXProject section */

/* Begin PBXResourcesBuildPhase section */
		3F89DA072C247FAF00349272 /* Resources */ = {
			isa = PBXResourcesBuildPhase;
			buildActionMask = 2147483647;
			files = (
				3F89DA162C247FB100349272 /* Assets.xcassets in Resources */,
				3F89DA192C247FB100349272 /* Base in Resources */,
			);
			runOnlyForDeploymentPostprocessing = 0;
		};
/* End PBXResourcesBuildPhase section */

/* Begin PBXSourcesBuildPhase section */
		3F89DA052C247FAF00349272 /* Sources */ = {
			isa = PBXSourcesBuildPhase;
			buildActionMask = 2147483647;
			files = (
				3FB94CBC2C28B2AB00A212DA /* RMLocation.swift in Sources */,
				3F7F90D02C2B31740095FB9E /* RMCharacterDetailViewViewModel.swift in Sources */,
				3FB94C622C26173400A212DA /* RMLocationViewController.swift in Sources */,
				3F31FF4B2C3445F600D9E555 /* RMImageLoader.swift in Sources */,
				3FB94CC92C297DE300A212DA /* RMCharacterCollectionViewCell.swift in Sources */,
				3F89DA112C247FAF00349272 /* RMTabViewController.swift in Sources */,
				3F7F90D12C2B31740095FB9E /* RMCharacterListViewViewModel.swift in Sources */,
				3F31FF7F2C36A37100D9E555 /* RMCharacterEpisodeCollectionViewCellViewModel.swift in Sources */,
				3F31FF812C36A39300D9E555 /* RMCharacterInfoCollectionViewCellViewModel.swift in Sources */,
				3FB94C642C26174100A212DA /* RMEpisodeViewController.swift in Sources */,
				3F1FDA472C3BD47100F3EEF4 /* RMEpisodeDetailView.swift in Sources */,
				3FB94CBE2C28B2AB00A212DA /* RMGender.swift in Sources */,
				3FB94CC12C28B2F000A212DA /* RMInfo.swift in Sources */,
				3F89DA0D2C247FAF00349272 /* AppDelegate.swift in Sources */,
				3F89DA0F2C247FAF00349272 /* SceneDelegate.swift in Sources */,
				3F1FDA4B2C3BF85A00F3EEF4 /* RMEpisodeDescriptionCollectionViewCell.swift in Sources */,
				3F1FDA492C3BDABE00F3EEF4 /* RMEpisodeViewModel.swift in Sources */,
				3F31FF7B2C36A31300D9E555 /* RMCharacterInfoCollectionViewCell.swift in Sources */,
				3FB94CBA2C28B2AB00A212DA /* RMEpisode.swift in Sources */,
				3F1FDA432C3B267A00F3EEF4 /* RMEpisodeDetailViewController.swift in Sources */,
				3FB94CC72C296BF900A212DA /* Extensions.swift in Sources */,
				3F31FF792C36A30400D9E555 /* RMCharacterPhotoCollectionViewCell.swift in Sources */,
				3FB94CC42C28B39400A212DA /* RMCharacterListView.swift in Sources */,
				3FB94C662C26176200A212DA /* RMSettingsViewController.swift in Sources */,
				3FB94C682C26C70500A212DA /* RMService.swift in Sources */,
				3FB94CC22C28B2F000A212DA /* RMResponse.swift in Sources */,
				3F31FF7D2C36A33000D9E555 /* RMCharacterEpisodeCollectionViewCell.swift in Sources */,
				3F7F90CF2C2B31740095FB9E /* RMCharacterCollectionViewViewModel.swift in Sources */,
				3FB94CBB2C28B2AB00A212DA /* RMCharacterStatus.swift in Sources */,
				3F7F90D62C2B38EB0095FB9E /* RMCharacterDetailView.swift in Sources */,
				3F7F90D42C2B331D0095FB9E /* RMCharacterDetailViewController.swift in Sources */,
				3FB94CBD2C28B2AB00A212DA /* RMOrigin.swift in Sources */,
				3F31FF832C36A39E00D9E555 /* RMCharacterPhotoCollectionViewCellViewModel.swift in Sources */,
				3FB94C6C2C26C86A00A212DA /* RMEndpoint.swift in Sources */,
				3FA5AD962C39477C00992D14 /* RMSingleLocation.swift in Sources */,
				3FB94CB82C28B2AB00A212DA /* RMCharacter.swift in Sources */,
				3FB94C6A2C26C71200A212DA /* RMRequest.swift in Sources */,
				3F7F90D82C2C2CC50095FB9E /* RMFooterLoadingCollectionReusableView.swift in Sources */,
				3FB94C602C26172300A212DA /* RMCharacterViewController.swift in Sources */,
			);
			runOnlyForDeploymentPostprocessing = 0;
		};
/* End PBXSourcesBuildPhase section */

/* Begin PBXVariantGroup section */
		3F89DA172C247FB100349272 /* LaunchScreen.storyboard */ = {
			isa = PBXVariantGroup;
			children = (
				3F89DA182C247FB100349272 /* Base */,
			);
			name = LaunchScreen.storyboard;
			sourceTree = "<group>";
		};
/* End PBXVariantGroup section */

/* Begin XCBuildConfiguration section */
		3F89DA1B2C247FB100349272 /* Debug */ = {
			isa = XCBuildConfiguration;
			buildSettings = {
				ALWAYS_SEARCH_USER_PATHS = NO;
				ASSETCATALOG_COMPILER_GENERATE_SWIFT_ASSET_SYMBOL_EXTENSIONS = YES;
				CLANG_ANALYZER_NONNULL = YES;
				CLANG_ANALYZER_NUMBER_OBJECT_CONVERSION = YES_AGGRESSIVE;
				CLANG_CXX_LANGUAGE_STANDARD = "gnu++20";
				CLANG_ENABLE_MODULES = YES;
				CLANG_ENABLE_OBJC_ARC = YES;
				CLANG_ENABLE_OBJC_WEAK = YES;
				CLANG_WARN_BLOCK_CAPTURE_AUTORELEASING = YES;
				CLANG_WARN_BOOL_CONVERSION = YES;
				CLANG_WARN_COMMA = YES;
				CLANG_WARN_CONSTANT_CONVERSION = YES;
				CLANG_WARN_DEPRECATED_OBJC_IMPLEMENTATIONS = YES;
				CLANG_WARN_DIRECT_OBJC_ISA_USAGE = YES_ERROR;
				CLANG_WARN_DOCUMENTATION_COMMENTS = YES;
				CLANG_WARN_EMPTY_BODY = YES;
				CLANG_WARN_ENUM_CONVERSION = YES;
				CLANG_WARN_INFINITE_RECURSION = YES;
				CLANG_WARN_INT_CONVERSION = YES;
				CLANG_WARN_NON_LITERAL_NULL_CONVERSION = YES;
				CLANG_WARN_OBJC_IMPLICIT_RETAIN_SELF = YES;
				CLANG_WARN_OBJC_LITERAL_CONVERSION = YES;
				CLANG_WARN_OBJC_ROOT_CLASS = YES_ERROR;
				CLANG_WARN_QUOTED_INCLUDE_IN_FRAMEWORK_HEADER = YES;
				CLANG_WARN_RANGE_LOOP_ANALYSIS = YES;
				CLANG_WARN_STRICT_PROTOTYPES = YES;
				CLANG_WARN_SUSPICIOUS_MOVE = YES;
				CLANG_WARN_UNGUARDED_AVAILABILITY = YES_AGGRESSIVE;
				CLANG_WARN_UNREACHABLE_CODE = YES;
				CLANG_WARN__DUPLICATE_METHOD_MATCH = YES;
				COPY_PHASE_STRIP = NO;
				DEBUG_INFORMATION_FORMAT = dwarf;
				ENABLE_STRICT_OBJC_MSGSEND = YES;
				ENABLE_TESTABILITY = YES;
				ENABLE_USER_SCRIPT_SANDBOXING = YES;
				GCC_C_LANGUAGE_STANDARD = gnu17;
				GCC_DYNAMIC_NO_PIC = NO;
				GCC_NO_COMMON_BLOCKS = YES;
				GCC_OPTIMIZATION_LEVEL = 0;
				GCC_PREPROCESSOR_DEFINITIONS = (
					"DEBUG=1",
					"$(inherited)",
				);
				GCC_WARN_64_TO_32_BIT_CONVERSION = YES;
				GCC_WARN_ABOUT_RETURN_TYPE = YES_ERROR;
				GCC_WARN_UNDECLARED_SELECTOR = YES;
				GCC_WARN_UNINITIALIZED_AUTOS = YES_AGGRESSIVE;
				GCC_WARN_UNUSED_FUNCTION = YES;
				GCC_WARN_UNUSED_VARIABLE = YES;
				IPHONEOS_DEPLOYMENT_TARGET = 17.4;
				LOCALIZATION_PREFERS_STRING_CATALOGS = YES;
				MTL_ENABLE_DEBUG_INFO = INCLUDE_SOURCE;
				MTL_FAST_MATH = YES;
				ONLY_ACTIVE_ARCH = YES;
				SDKROOT = iphoneos;
				SWIFT_ACTIVE_COMPILATION_CONDITIONS = "DEBUG $(inherited)";
				SWIFT_OPTIMIZATION_LEVEL = "-Onone";
			};
			name = Debug;
		};
		3F89DA1C2C247FB100349272 /* Release */ = {
			isa = XCBuildConfiguration;
			buildSettings = {
				ALWAYS_SEARCH_USER_PATHS = NO;
				ASSETCATALOG_COMPILER_GENERATE_SWIFT_ASSET_SYMBOL_EXTENSIONS = YES;
				CLANG_ANALYZER_NONNULL = YES;
				CLANG_ANALYZER_NUMBER_OBJECT_CONVERSION = YES_AGGRESSIVE;
				CLANG_CXX_LANGUAGE_STANDARD = "gnu++20";
				CLANG_ENABLE_MODULES = YES;
				CLANG_ENABLE_OBJC_ARC = YES;
				CLANG_ENABLE_OBJC_WEAK = YES;
				CLANG_WARN_BLOCK_CAPTURE_AUTORELEASING = YES;
				CLANG_WARN_BOOL_CONVERSION = YES;
				CLANG_WARN_COMMA = YES;
				CLANG_WARN_CONSTANT_CONVERSION = YES;
				CLANG_WARN_DEPRECATED_OBJC_IMPLEMENTATIONS = YES;
				CLANG_WARN_DIRECT_OBJC_ISA_USAGE = YES_ERROR;
				CLANG_WARN_DOCUMENTATION_COMMENTS = YES;
				CLANG_WARN_EMPTY_BODY = YES;
				CLANG_WARN_ENUM_CONVERSION = YES;
				CLANG_WARN_INFINITE_RECURSION = YES;
				CLANG_WARN_INT_CONVERSION = YES;
				CLANG_WARN_NON_LITERAL_NULL_CONVERSION = YES;
				CLANG_WARN_OBJC_IMPLICIT_RETAIN_SELF = YES;
				CLANG_WARN_OBJC_LITERAL_CONVERSION = YES;
				CLANG_WARN_OBJC_ROOT_CLASS = YES_ERROR;
				CLANG_WARN_QUOTED_INCLUDE_IN_FRAMEWORK_HEADER = YES;
				CLANG_WARN_RANGE_LOOP_ANALYSIS = YES;
				CLANG_WARN_STRICT_PROTOTYPES = YES;
				CLANG_WARN_SUSPICIOUS_MOVE = YES;
				CLANG_WARN_UNGUARDED_AVAILABILITY = YES_AGGRESSIVE;
				CLANG_WARN_UNREACHABLE_CODE = YES;
				CLANG_WARN__DUPLICATE_METHOD_MATCH = YES;
				COPY_PHASE_STRIP = NO;
				DEBUG_INFORMATION_FORMAT = "dwarf-with-dsym";
				ENABLE_NS_ASSERTIONS = NO;
				ENABLE_STRICT_OBJC_MSGSEND = YES;
				ENABLE_USER_SCRIPT_SANDBOXING = YES;
				GCC_C_LANGUAGE_STANDARD = gnu17;
				GCC_NO_COMMON_BLOCKS = YES;
				GCC_WARN_64_TO_32_BIT_CONVERSION = YES;
				GCC_WARN_ABOUT_RETURN_TYPE = YES_ERROR;
				GCC_WARN_UNDECLARED_SELECTOR = YES;
				GCC_WARN_UNINITIALIZED_AUTOS = YES_AGGRESSIVE;
				GCC_WARN_UNUSED_FUNCTION = YES;
				GCC_WARN_UNUSED_VARIABLE = YES;
				IPHONEOS_DEPLOYMENT_TARGET = 17.4;
				LOCALIZATION_PREFERS_STRING_CATALOGS = YES;
				MTL_ENABLE_DEBUG_INFO = NO;
				MTL_FAST_MATH = YES;
				SDKROOT = iphoneos;
				SWIFT_COMPILATION_MODE = wholemodule;
				VALIDATE_PRODUCT = YES;
			};
			name = Release;
		};
		3F89DA1E2C247FB100349272 /* Debug */ = {
			isa = XCBuildConfiguration;
			buildSettings = {
				ASSETCATALOG_COMPILER_APPICON_NAME = AppIcon;
				ASSETCATALOG_COMPILER_GLOBAL_ACCENT_COLOR_NAME = AccentColor;
				CODE_SIGN_STYLE = Automatic;
				CURRENT_PROJECT_VERSION = 1;
				DEVELOPMENT_TEAM = Q9W4TA863G;
				GENERATE_INFOPLIST_FILE = YES;
				INFOPLIST_FILE = AgainUIKIT/Info.plist;
				INFOPLIST_KEY_UIApplicationSupportsIndirectInputEvents = YES;
				INFOPLIST_KEY_UILaunchStoryboardName = LaunchScreen;
				INFOPLIST_KEY_UISupportedInterfaceOrientations_iPad = "UIInterfaceOrientationPortrait UIInterfaceOrientationPortraitUpsideDown UIInterfaceOrientationLandscapeLeft UIInterfaceOrientationLandscapeRight";
				INFOPLIST_KEY_UISupportedInterfaceOrientations_iPhone = "UIInterfaceOrientationPortrait UIInterfaceOrientationLandscapeLeft UIInterfaceOrientationLandscapeRight";
				IPHONEOS_DEPLOYMENT_TARGET = 17.0;
				LD_RUNPATH_SEARCH_PATHS = (
					"$(inherited)",
					"@executable_path/Frameworks",
				);
				MARKETING_VERSION = 1.0;
				PRODUCT_BUNDLE_IDENTIFIER = "kairatovalmat.Food-Inform.AgainUIKIT";
				PRODUCT_NAME = "$(TARGET_NAME)";
				SWIFT_EMIT_LOC_STRINGS = YES;
				SWIFT_VERSION = 5.0;
				TARGETED_DEVICE_FAMILY = "1,2";
			};
			name = Debug;
		};
		3F89DA1F2C247FB100349272 /* Release */ = {
			isa = XCBuildConfiguration;
			buildSettings = {
				ASSETCATALOG_COMPILER_APPICON_NAME = AppIcon;
				ASSETCATALOG_COMPILER_GLOBAL_ACCENT_COLOR_NAME = AccentColor;
				CODE_SIGN_STYLE = Automatic;
				CURRENT_PROJECT_VERSION = 1;
				DEVELOPMENT_TEAM = Q9W4TA863G;
				GENERATE_INFOPLIST_FILE = YES;
				INFOPLIST_FILE = AgainUIKIT/Info.plist;
				INFOPLIST_KEY_UIApplicationSupportsIndirectInputEvents = YES;
				INFOPLIST_KEY_UILaunchStoryboardName = LaunchScreen;
				INFOPLIST_KEY_UISupportedInterfaceOrientations_iPad = "UIInterfaceOrientationPortrait UIInterfaceOrientationPortraitUpsideDown UIInterfaceOrientationLandscapeLeft UIInterfaceOrientationLandscapeRight";
				INFOPLIST_KEY_UISupportedInterfaceOrientations_iPhone = "UIInterfaceOrientationPortrait UIInterfaceOrientationLandscapeLeft UIInterfaceOrientationLandscapeRight";
				IPHONEOS_DEPLOYMENT_TARGET = 17.0;
				LD_RUNPATH_SEARCH_PATHS = (
					"$(inherited)",
					"@executable_path/Frameworks",
				);
				MARKETING_VERSION = 1.0;
				PRODUCT_BUNDLE_IDENTIFIER = "kairatovalmat.Food-Inform.AgainUIKIT";
				PRODUCT_NAME = "$(TARGET_NAME)";
				SWIFT_EMIT_LOC_STRINGS = YES;
				SWIFT_VERSION = 5.0;
				TARGETED_DEVICE_FAMILY = "1,2";
			};
			name = Release;
		};
/* End XCBuildConfiguration section */

/* Begin XCConfigurationList section */
		3F89DA042C247FAF00349272 /* Build configuration list for PBXProject "AgainUIKIT" */ = {
			isa = XCConfigurationList;
			buildConfigurations = (
				3F89DA1B2C247FB100349272 /* Debug */,
				3F89DA1C2C247FB100349272 /* Release */,
			);
			defaultConfigurationIsVisible = 0;
			defaultConfigurationName = Release;
		};
		3F89DA1D2C247FB100349272 /* Build configuration list for PBXNativeTarget "AgainUIKIT" */ = {
			isa = XCConfigurationList;
			buildConfigurations = (
				3F89DA1E2C247FB100349272 /* Debug */,
				3F89DA1F2C247FB100349272 /* Release */,
			);
			defaultConfigurationIsVisible = 0;
			defaultConfigurationName = Release;
		};
/* End XCConfigurationList section */
	};
	rootObject = 3F89DA012C247FAF00349272 /* Project object */;
}
